
Microsoft Visual Studio Solution File, Format Version 12.00
# Visual Studio Version 17
VisualStudioVersion = 17.9.34902.65
MinimumVisualStudioVersion = 10.0.40219.1
Project("{FAE04EC0-301F-11D3-BF4B-00C04F79EFBC}") = "ECMS", "ECMS\ECMS.csproj", "{A6FA9F4B-7951-4424-A1E7-A5CEDB81EE92}"
EndProject
Global
	GlobalSection(SolutionConfigurationPlatforms) = preSolution
		Debug|Any CPU = Debug|Any CPU
		Release|Any CPU = Release|Any CPU
	EndGlobalSection
	GlobalSection(ProjectConfigurationPlatforms) = postSolution
		{A6FA9F4B-7951-4424-A1E7-A5CEDB81EE92}.Debug|Any CPU.ActiveCfg = Debug|Any CPU
		{A6FA9F4B-7951-4424-A1E7-A5CEDB81EE92}.Debug|Any CPU.Build.0 = Debug|Any CPU
		{A6FA9F4B-7951-4424-A1E7-A5CEDB81EE92}.Release|Any CPU.ActiveCfg = Release|Any CPU
		{A6FA9F4B-7951-4424-A1E7-A5CEDB81EE92}.Release|Any CPU.Build.0 = Release|Any CPU
	EndGlobalSection
	GlobalSection(SolutionProperties) = preSolution
		HideSolutionNode = FALSE
	EndGlobalSection
	GlobalSection(ExtensibilityGlobals) = postSolution
		SolutionGuid = {6EADAF71-4899-4602-9ACD-04070C2EF039}
	EndGlobalSection
EndGlobal
